
Microsoft Visual Studio Solution File, Format Version 12.00
Project("{FAE04EC0-301F-11D3-BF4B-00C04F79EFBC}") = "ILangCompiler", "ILangCompiler\ILangCompiler.csproj", "{701759D0-1C25-423C-BC9A-4952B76CDE60}"
EndProject
Project("{FAE04EC0-301F-11D3-BF4B-00C04F79EFBC}") = "FunctionalExtensions", "FunctionalExtensions\FunctionalExtensions.csproj", "{8C6F53E1-F75C-46FA-8E59-F8FC5B7D6026}"
EndProject
Global
	GlobalSection(SolutionConfigurationPlatforms) = preSolution
		Debug|Any CPU = Debug|Any CPU
		Release|Any CPU = Release|Any CPU
	EndGlobalSection
	GlobalSection(ProjectConfigurationPlatforms) = postSolution
		{701759D0-1C25-423C-BC9A-4952B76CDE60}.Debug|Any CPU.ActiveCfg = Debug|Any CPU
		{701759D0-1C25-423C-BC9A-4952B76CDE60}.Debug|Any CPU.Build.0 = Debug|Any CPU
		{701759D0-1C25-423C-BC9A-4952B76CDE60}.Release|Any CPU.ActiveCfg = Release|Any CPU
		{701759D0-1C25-423C-BC9A-4952B76CDE60}.Release|Any CPU.Build.0 = Release|Any CPU
		{8C6F53E1-F75C-46FA-8E59-F8FC5B7D6026}.Debug|Any CPU.ActiveCfg = Debug|Any CPU
		{8C6F53E1-F75C-46FA-8E59-F8FC5B7D6026}.Debug|Any CPU.Build.0 = Debug|Any CPU
		{8C6F53E1-F75C-46FA-8E59-F8FC5B7D6026}.Release|Any CPU.ActiveCfg = Release|Any CPU
		{8C6F53E1-F75C-46FA-8E59-F8FC5B7D6026}.Release|Any CPU.Build.0 = Release|Any CPU
	EndGlobalSection
EndGlobal
